
Microsoft Visual Studio Solution File, Format Version 12.00
# Visual Studio Version 17
VisualStudioVersion = 17.10.35027.167
MinimumVisualStudioVersion = 10.0.40219.1
Project("{9A19103F-16F7-4668-BE54-9A1E7A4F7556}") = "SecantOptimiserAPI", "SecantOptimiserAPI\SecantOptimiserAPI.csproj", "{365560F6-9EF3-4421-9742-E90CCD1D4385}"
EndProject
Global
	GlobalSection(SolutionConfigurationPlatforms) = preSolution
		Debug|Any CPU = Debug|Any CPU
		Debug|x64 = Debug|x64
		Release|Any CPU = Release|Any CPU
		Release|x64 = Release|x64
	EndGlobalSection
	GlobalSection(ProjectConfigurationPlatforms) = postSolution
		{365560F6-9EF3-4421-9742-E90CCD1D4385}.Debug|Any CPU.ActiveCfg = Debug|Any CPU
		{365560F6-9EF3-4421-9742-E90CCD1D4385}.Debug|Any CPU.Build.0 = Debug|Any CPU
		{365560F6-9EF3-4421-9742-E90CCD1D4385}.Debug|x64.ActiveCfg = Debug|x64
		{365560F6-9EF3-4421-9742-E90CCD1D4385}.Debug|x64.Build.0 = Debug|x64
		{365560F6-9EF3-4421-9742-E90CCD1D4385}.Release|Any CPU.ActiveCfg = Release|Any CPU
		{365560F6-9EF3-4421-9742-E90CCD1D4385}.Release|Any CPU.Build.0 = Release|Any CPU
		{365560F6-9EF3-4421-9742-E90CCD1D4385}.Release|x64.ActiveCfg = Release|x64
		{365560F6-9EF3-4421-9742-E90CCD1D4385}.Release|x64.Build.0 = Release|x64
	EndGlobalSection
	GlobalSection(SolutionProperties) = preSolution
		HideSolutionNode = FALSE
	EndGlobalSection
	GlobalSection(ExtensibilityGlobals) = postSolution
		SolutionGuid = {3BAB5EBB-B662-425B-82C6-55F61580ED00}
	EndGlobalSection
EndGlobal
